
Microsoft Visual Studio Solution File, Format Version 12.00
# Visual Studio Version 17
VisualStudioVersion = 17.3.32929.385
MinimumVisualStudioVersion = 10.0.40219.1
Project("{FAE04EC0-301F-11D3-BF4B-00C04F79EFBC}") = "AutenticaPracticalTask", "AutenticaPracticalTask.csproj", "{DC33F925-17A2-4DAF-B85B-C5CCE596D478}"
EndProject
Global
	GlobalSection(SolutionConfigurationPlatforms) = preSolution
		Debug|Any CPU = Debug|Any CPU
		Release|Any CPU = Release|Any CPU
	EndGlobalSection
	GlobalSection(ProjectConfigurationPlatforms) = postSolution
		{DC33F925-17A2-4DAF-B85B-C5CCE596D478}.Debug|Any CPU.ActiveCfg = Debug|Any CPU
		{DC33F925-17A2-4DAF-B85B-C5CCE596D478}.Debug|Any CPU.Build.0 = Debug|Any CPU
		{DC33F925-17A2-4DAF-B85B-C5CCE596D478}.Release|Any CPU.ActiveCfg = Release|Any CPU
		{DC33F925-17A2-4DAF-B85B-C5CCE596D478}.Release|Any CPU.Build.0 = Release|Any CPU
	EndGlobalSection
	GlobalSection(SolutionProperties) = preSolution
		HideSolutionNode = FALSE
	EndGlobalSection
	GlobalSection(ExtensibilityGlobals) = postSolution
		SolutionGuid = {2AC177AD-AF71-4652-A944-AF226DA21EA0}
	EndGlobalSection
EndGlobal
